
Microsoft Visual Studio Solution File, Format Version 12.00
# Visual Studio Version 17
VisualStudioVersion = 17.11.35303.130
MinimumVisualStudioVersion = 10.0.40219.1
Project("{FAE04EC0-301F-11D3-BF4B-00C04F79EFBC}") = "RxAI.ConsoleDemo", "RxAI.ConsoleDemo\RxAI.ConsoleDemo.csproj", "{FC79338F-E0BC-430F-B639-8A206905B032}"
EndProject
Project("{FAE04EC0-301F-11D3-BF4B-00C04F79EFBC}") = "RxAI.Realtime", "RxAI.Realtime\RxAI.Realtime.csproj", "{4EA36087-E944-4B5E-9FFA-31AF25C09C06}"
EndProject
Global
	GlobalSection(SolutionConfigurationPlatforms) = preSolution
		Debug|Any CPU = Debug|Any CPU
		Release|Any CPU = Release|Any CPU
	EndGlobalSection
	GlobalSection(ProjectConfigurationPlatforms) = postSolution
		{FC79338F-E0BC-430F-B639-8A206905B032}.Debug|Any CPU.ActiveCfg = Debug|Any CPU
		{FC79338F-E0BC-430F-B639-8A206905B032}.Debug|Any CPU.Build.0 = Debug|Any CPU
		{FC79338F-E0BC-430F-B639-8A206905B032}.Release|Any CPU.ActiveCfg = Release|Any CPU
		{FC79338F-E0BC-430F-B639-8A206905B032}.Release|Any CPU.Build.0 = Release|Any CPU
		{4EA36087-E944-4B5E-9FFA-31AF25C09C06}.Debug|Any CPU.ActiveCfg = Debug|Any CPU
		{4EA36087-E944-4B5E-9FFA-31AF25C09C06}.Debug|Any CPU.Build.0 = Debug|Any CPU
		{4EA36087-E944-4B5E-9FFA-31AF25C09C06}.Release|Any CPU.ActiveCfg = Release|Any CPU
		{4EA36087-E944-4B5E-9FFA-31AF25C09C06}.Release|Any CPU.Build.0 = Release|Any CPU
	EndGlobalSection
	GlobalSection(SolutionProperties) = preSolution
		HideSolutionNode = FALSE
	EndGlobalSection
	GlobalSection(ExtensibilityGlobals) = postSolution
		SolutionGuid = {FD12E79C-FDB0-4B37-810C-2589CC74F5A5}
	EndGlobalSection
EndGlobal
